# This file is automatically @generated by Cargo.
# It is not intended for manual editing.
version = 3

[[package]]
name = "financial-processor"
version = "0.1.0"
dependencies = [
 "anyhow",
 "chrono",
 "clap",
 "hyper",
 "serde",
 "serde_json",
 "thiserror",
 "time 0.1.45",
 "tokio 1.25.0",
 "tokio-util",
 "tower",
 "tracing",
 "tracing-subscriber",
 "uuid",
]

# Conflicting tokio versions
[[package]]
name = "tokio"
version = "1.25.0"

[[package]]
name = "tokio"
version = "1.32.0"

# Yanked time crate
[[package]]
name = "time"
version = "0.1.45"
source = "registry+https://github.com/rust-lang/crates.io-index"
checksum = "abc123def456"
